// !$*UTF8*$!
{
	archiveVersion = 1;
	classes = {
	};
	objectVersion = 46;
	objects = {

/* Begin PBXBuildFile section */
		53811DA11F24B92700D45961 /* AppDelegate.swift in Sources */ = {isa = PBXBuildFile; fileRef = 53811DA01F24B92700D45961 /* AppDelegate.swift */; };
		53811DA31F24B92700D45961 /* ViewController.swift in Sources */ = {isa = PBXBuildFile; fileRef = 53811DA21F24B92700D45961 /* ViewController.swift */; };
		53811DA61F24B92700D45961 /* Main.storyboard in Resources */ = {isa = PBXBuildFile; fileRef = 53811DA41F24B92700D45961 /* Main.storyboard */; };
		53811DA81F24B92700D45961 /* Assets.xcassets in Resources */ = {isa = PBXBuildFile; fileRef = 53811DA71F24B92700D45961 /* Assets.xcassets */; };
		53811DAB1F24B92700D45961 /* LaunchScreen.storyboard in Resources */ = {isa = PBXBuildFile; fileRef = 53811DA91F24B92700D45961 /* LaunchScreen.storyboard */; };
/* End PBXBuildFile section */

/* Begin PBXFileReference section */
		53811D9D1F24B92700D45961 /* MyPractice.app */ = {isa = PBXFileReference; explicitFileType = wrapper.application; includeInIndex = 0; path = MyPractice.app; sourceTree = BUILT_PRODUCTS_DIR; };
		53811DA01F24B92700D45961 /* AppDelegate.swift */ = {isa = PBXFileReference; lastKnownFileType = sourcecode.swift; path = AppDelegate.swift; sourceTree = "<group>"; };
		53811DA21F24B92700D45961 /* ViewController.swift */ = {isa = PBXFileReference; lastKnownFileType = sourcecode.swift; path = ViewController.swift; sourceTree = "<group>"; };
		53811DA51F24B92700D45961 /* Base */ = {isa = PBXFileReference; lastKnownFileType = file.storyboard; name = Base; path = Base.lproj/Main.storyboard; sourceTree = "<group>"; };
		53811DA71F24B92700D45961 /* Assets.xcassets */ = {isa = PBXFileReference; lastKnownFileType = folder.assetcatalog; path = Assets.xcassets; sourceTree = "<group>"; };
		53811DAA1F24B92700D45961 /* Base */ = {isa = PBXFileReference; lastKnownFileType = file.storyboard; name = Base; path = Base.lproj/LaunchScreen.storyboard; sourceTree = "<group>"; };
		53811DAC1F24B92700D45961 /* Info.plist */ = {isa = PBXFileReference; lastKnownFileType = text.plist.xml; path = Info.plist; sourceTree = "<group>"; };
/* End PBXFileReference section */

/* Begin PBXFrameworksBuildPhase section */
		53811D9A1F24B92700D45961 /* Frameworks */ = {
			isa = PBXFrameworksBuildPhase;
			buildActionMask = 2147483647;
			files = (
			);
			runOnlyForDeploymentPostprocessing = 0;
		};
/* End PBXFrameworksBuildPhase section */

/* Begin PBXGroup section */
		53811D941F24B92700D45961 = {
			isa = PBXGroup;
			children = (
				53811D9F1F24B92700D45961 /* MyPractice */,
				53811D9E1F24B92700D45961 /* Products */,
			);
			sourceTree = "<group>";
		};
		53811D9E1F24B92700D45961 /* Products */ = {
			isa = PBXGroup;
			children = (
				53811D9D1F24B92700D45961 /* MyPractice.app */,
			);
			name = Products;
			sourceTree = "<group>";
		};
		53811D9F1F24B92700D45961 /* MyPractice */ = {
			isa = PBXGroup;
			children = (
				53811DA01F24B92700D45961 /* AppDelegate.swift */,
				53811DA21F24B92700D45961 /* ViewController.swift */,
				53811DA41F24B92700D45961 /* Main.storyboard */,
				53811DA71F24B92700D45961 /* Assets.xcassets */,
				53811DA91F24B92700D45961 /* LaunchScreen.storyboard */,
				53811DAC1F24B92700D45961 /* Info.plist */,
			);
			path = MyPractice;
			sourceTree = "<group>";
		};
/* End PBXGroup section */

/* Begin PBXNativeTarget section */
		53811D9C1F24B92700D45961 /* MyPractice */ = {
			isa = PBXNativeTarget;
			buildConfigurationList = 53811DAF1F24B92700D45961 /* Build configuration list for PBXNativeTarget "MyPractice" */;
			buildPhases = (
				53811D991F24B92700D45961 /* Sources */,
				53811D9A1F24B92700D45961 /* Frameworks */,
				53811D9B1F24B92700D45961 /* Resources */,
			);
			buildRules = (
			);
			dependencies = (
			);
			name = MyPractice;
			productName = MyPractice;
			productReference = 53811D9D1F24B92700D45961 /* MyPractice.app */;
			productType = "com.apple.product-type.application";
		};
/* End PBXNativeTarget section */

/* Begin PBXProject section */
		53811D951F24B92700D45961 /* Project object */ = {
			isa = PBXProject;
			attributes = {
				LastSwiftUpdateCheck = 0830;
				LastUpgradeCheck = 0830;
				ORGANIZATIONNAME = "桑島侑己";
				TargetAttributes = {
					53811D9C1F24B92700D45961 = {
						CreatedOnToolsVersion = 8.3.2;
						DevelopmentTeam = 7KBT9HS966;
						ProvisioningStyle = Automatic;
					};
				};
			};
			buildConfigurationList = 53811D981F24B92700D45961 /* Build configuration list for PBXProject "MyPractice" */;
			compatibilityVersion = "Xcode 3.2";
			developmentRegion = English;
			hasScannedForEncodings = 0;
			knownRegions = (
				en,
				Base,
			);
			mainGroup = 53811D941F24B92700D45961;
			productRefGroup = 53811D9E1F24B92700D45961 /* Products */;
			projectDirPath = "";
			projectRoot = "";
			targets = (
				53811D9C1F24B92700D45961 /* MyPractice */,
			);
		};
/* End PBXProject section */

/* Begin PBXResourcesBuildPhase section */
		53811D9B1F24B92700D45961 /* Resources */ = {
			isa = PBXResourcesBuildPhase;
			buildActionMask = 2147483647;
			files = (
				53811DAB1F24B92700D45961 /* LaunchScreen.storyboard in Resources */,
				53811DA81F24B92700D45961 /* Assets.xcassets in Resources */,
				53811DA61F24B92700D45961 /* Main.storyboard in Resources */,
			);
			runOnlyForDeploymentPostprocessing = 0;
		};
/* End PBXResourcesBuildPhase section */

/* Begin PBXSourcesBuildPhase section */
		53811D991F24B92700D45961 /* Sources */ = {
			isa = PBXSourcesBuildPhase;
			buildActionMask = 2147483647;
			files = (
				53811DA31F24B92700D45961 /* ViewController.swift in Sources */,
				53811DA11F24B92700D45961 /* AppDelegate.swift in Sources */,
			);
			runOnlyForDeploymentPostprocessing = 0;
		};
/* End PBXSourcesBuildPhase section */

/* Begin PBXVariantGroup section */
		53811DA41F24B92700D45961 /* Main.storyboard */ = {
			isa = PBXVariantGroup;
			children = (
				53811DA51F24B92700D45961 /* Base */,
			);
			name = Main.storyboard;
			sourceTree = "<group>";
		};
		53811DA91F24B92700D45961 /* LaunchScreen.storyboard */ = {
			isa = PBXVariantGroup;
			children = (
				53811DAA1F24B92700D45961 /* Base */,
			);
			name = LaunchScreen.storyboard;
			sourceTree = "<group>";
		};
/* End PBXVariantGroup section */

/* Begin XCBuildConfiguration section */
		53811DAD1F24B92700D45961 /* Debug */ = {
			isa = XCBuildConfiguration;
			buildSettings = {
				ALWAYS_SEARCH_USER_PATHS = NO;
				CLANG_ANALYZER_NONNULL = YES;
				CLANG_ANALYZER_NUMBER_OBJECT_CONVERSION = YES_AGGRESSIVE;
				CLANG_CXX_LANGUAGE_STANDARD = "gnu++0x";
				CLANG_CXX_LIBRARY = "libc++";
				CLANG_ENABLE_MODULES = YES;
				CLANG_ENABLE_OBJC_ARC = YES;
				CLANG_WARN_BOOL_CONVERSION = YES;
				CLANG_WARN_CONSTANT_CONVERSION = YES;
				CLANG_WARN_DIRECT_OBJC_ISA_USAGE = YES_ERROR;
				CLANG_WARN_DOCUMENTATION_COMMENTS = YES;
				CLANG_WARN_EMPTY_BODY = YES;
				CLANG_WARN_ENUM_CONVERSION = YES;
				CLANG_WARN_INFINITE_RECURSION = YES;
				CLANG_WARN_INT_CONVERSION = YES;
				CLANG_WARN_OBJC_ROOT_CLASS = YES_ERROR;
				CLANG_WARN_SUSPICIOUS_MOVE = YES;
				CLANG_WARN_UNREACHABLE_CODE = YES;
				CLANG_WARN__DUPLICATE_METHOD_MATCH = YES;
				"CODE_SIGN_IDENTITY[sdk=iphoneos*]" = "iPhone Developer";
				COPY_PHASE_STRIP = NO;
				DEBUG_INFORMATION_FORMAT = dwarf;
				ENABLE_STRICT_OBJC_MSGSEND = YES;
				ENABLE_TESTABILITY = YES;
				GCC_C_LANGUAGE_STANDARD = gnu99;
				GCC_DYNAMIC_NO_PIC = NO;
				GCC_NO_COMMON_BLOCKS = YES;
				GCC_OPTIMIZATION_LEVEL = 0;
				GCC_PREPROCESSOR_DEFINITIONS = (
					"DEBUG=1",
					"$(inherited)",
				);
				GCC_WARN_64_TO_32_BIT_CONVERSION = YES;
				GCC_WARN_ABOUT_RETURN_TYPE = YES_ERROR;
				GCC_WARN_UNDECLARED_SELECTOR = YES;
				GCC_WARN_UNINITIALIZED_AUTOS = YES_AGGRESSIVE;
				GCC_WARN_UNUSED_FUNCTION = YES;
				GCC_WARN_UNUSED_VARIABLE = YES;
				IPHONEOS_DEPLOYMENT_TARGET = 10.3;
				MTL_ENABLE_DEBUG_INFO = YES;
				ONLY_ACTIVE_ARCH = YES;
				SDKROOT = iphoneos;
				SWIFT_ACTIVE_COMPILATION_CONDITIONS = DEBUG;
				SWIFT_OPTIMIZATION_LEVEL = "-Onone";
			};
			name = Debug;
		};
		53811DAE1F24B92700D45961 /* Release */ = {
			isa = XCBuildConfiguration;
			buildSettings = {
				ALWAYS_SEARCH_USER_PATHS = NO;
				CLANG_ANALYZER_NONNULL = YES;
				CLANG_ANALYZER_NUMBER_OBJECT_CONVERSION = YES_AGGRESSIVE;
				CLANG_CXX_LANGUAGE_STANDARD = "gnu++0x";
				CLANG_CXX_LIBRARY = "libc++";
				CLANG_ENABLE_MODULES = YES;
				CLANG_ENABLE_OBJC_ARC = YES;
				CLANG_WARN_BOOL_CONVERSION = YES;
				CLANG_WARN_CONSTANT_CONVERSION = YES;
				CLANG_WARN_DIRECT_OBJC_ISA_USAGE = YES_ERROR;
				CLANG_WARN_DOCUMENTATION_COMMENTS = YES;
				CLANG_WARN_EMPTY_BODY = YES;
				CLANG_WARN_ENUM_CONVERSION = YES;
				CLANG_WARN_INFINITE_RECURSION = YES;
				CLANG_WARN_INT_CONVERSION = YES;
				CLANG_WARN_OBJC_ROOT_CLASS = YES_ERROR;
				CLANG_WARN_SUSPICIOUS_MOVE = YES;
				CLANG_WARN_UNREACHABLE_CODE = YES;
				CLANG_WARN__DUPLICATE_METHOD_MATCH = YES;
				"CODE_SIGN_IDENTITY[sdk=iphoneos*]" = "iPhone Developer";
				COPY_PHASE_STRIP = NO;
				DEBUG_INFORMATION_FORMAT = "dwarf-with-dsym";
				ENABLE_NS_ASSERTIONS = NO;
				ENABLE_STRICT_OBJC_MSGSEND = YES;
				GCC_C_LANGUAGE_STANDARD = gnu99;
				GCC_NO_COMMON_BLOCKS = YES;
				GCC_WARN_64_TO_32_BIT_CONVERSION = YES;
				GCC_WARN_ABOUT_RETURN_TYPE = YES_ERROR;
				GCC_WARN_UNDECLARED_SELECTOR = YES;
				GCC_WARN_UNINITIALIZED_AUTOS = YES_AGGRESSIVE;
				GCC_WARN_UNUSED_FUNCTION = YES;
				GCC_WARN_UNUSED_VARIABLE = YES;
				IPHONEOS_DEPLOYMENT_TARGET = 10.3;
				MTL_ENABLE_DEBUG_INFO = NO;
				SDKROOT = iphoneos;
				SWIFT_OPTIMIZATION_LEVEL = "-Owholemodule";
				VALIDATE_PRODUCT = YES;
			};
			name = Release;
		};
		53811DB01F24B92700D45961 /* Debug */ = {
			isa = XCBuildConfiguration;
			buildSettings = {
				ASSETCATALOG_COMPILER_APPICON_NAME = AppIcon;
				DEVELOPMENT_TEAM = 7KBT9HS966;
				INFOPLIST_FILE = MyPractice/Info.plist;
				LD_RUNPATH_SEARCH_PATHS = "$(inherited) @executable_path/Frameworks";
				PRODUCT_BUNDLE_IDENTIFIER = com.lit.yuki.mypractice.MyPractice;
				PRODUCT_NAME = "$(TARGET_NAME)";
				SWIFT_VERSION = 3.0;
			};
			name = Debug;
		};
		53811DB11F24B92700D45961 /* Release */ = {
			isa = XCBuildConfiguration;
			buildSettings = {
				ASSETCATALOG_COMPILER_APPICON_NAME = AppIcon;
				DEVELOPMENT_TEAM = 7KBT9HS966;
				INFOPLIST_FILE = MyPractice/Info.plist;
				LD_RUNPATH_SEARCH_PATHS = "$(inherited) @executable_path/Frameworks";
				PRODUCT_BUNDLE_IDENTIFIER = com.lit.yuki.mypractice.MyPractice;
				PRODUCT_NAME = "$(TARGET_NAME)";
				SWIFT_VERSION = 3.0;
			};
			name = Release;
		};
/* End XCBuildConfiguration section */

/* Begin XCConfigurationList section */
		53811D981F24B92700D45961 /* Build configuration list for PBXProject "MyPractice" */ = {
			isa = XCConfigurationList;
			buildConfigurations = (
				53811DAD1F24B92700D45961 /* Debug */,
				53811DAE1F24B92700D45961 /* Release */,
			);
			defaultConfigurationIsVisible = 0;
			defaultConfigurationName = Release;
		};
		53811DAF1F24B92700D45961 /* Build configuration list for PBXNativeTarget "MyPractice" */ = {
			isa = XCConfigurationList;
			buildConfigurations = (
				53811DB01F24B92700D45961 /* Debug */,
				53811DB11F24B92700D45961 /* Release */,
			);
			defaultConfigurationIsVisible = 0;
		};
/* End XCConfigurationList section */
	};
	rootObject = 53811D951F24B92700D45961 /* Project object */;
}
